<?xml version="1.0" encoding="utf-8"?>
<Project ToolsVersion="4.0" xmlns="http://schemas.microsoft.com/developer/msbuild/2003">
  <ItemGroup>
    <Filter Include="Source Files">
      <UniqueIdentifier>{4FC737F1-C7A5-4376-A066-2A32D752A2FF}</UniqueIdentifier>
      <Extensions>cpp;c;cc;cxx;c++;def;odl;idl;hpj;bat;asm;asmx</Extensions>
    </Filter>
    <Filter Include="Header Files">
      <UniqueIdentifier>{93995380-89BD-4b04-88EB-625FBE52EBFB}</UniqueIdentifier>
      <Extensions>h;hh;hpp;hxx;h++;hm;inl;inc;ipp;xsd</Extensions>
    </Filter>
    <Filter Include="Resource Files">
      <UniqueIdentifier>{67DA6AB6-F800-4c08-8B7A-83BB121AAD01}</UniqueIdentifier>
      <Extensions>rc;ico;cur;bmp;dlg;rc2;rct;bin;rgs;gif;jpg;jpeg;jpe;resx;tiff;tif;png;wav;mfcribbon-ms</Extensions>
    </Filter>
    <Filter Include="Shaders">
      <UniqueIdentifier>{01320aec-623f-46fd-bcbd-58d104936c79}</UniqueIdentifier>
    </Filter>
  </ItemGroup>
  <ItemGroup>
    <ClCompile Include="..\..\..\..\Downloads\glad\src\glad.c">
      <Filter>Source Files</Filter>
    </ClCompile>
    <ClCompile Include="2_Triangle.cpp">
      <Filter>Source Files</Filter>
    </ClCompile>
    <ClCompile Include="1_Init.cpp">
      <Filter>Source Files</Filter>
    </ClCompile>
    <ClCompile Include="3_Shader_2_uniforms.cpp">
      <Filter>Source Files</Filter>
    </ClCompile>
    <ClCompile Include="3_Shader_1_vetrexColor.cpp">
      <Filter>Source Files</Filter>
    </ClCompile>
    <ClCompile Include="3_Shader_3_vetricesWithColor.cpp">
      <Filter>Source Files</Filter>
    </ClCompile>
    <ClCompile Include="3_Shader_4_vetricesWithColor_shader_class.cpp">
      <Filter>Source Files</Filter>
    </ClCompile>
  </ItemGroup>
  <ItemGroup>
    <None Include="3_Shader_4.fs">
      <Filter>Shaders</Filter>
    </None>
    <None Include="3_Shader_4.vs">
      <Filter>Shaders</Filter>
    </None>
  </ItemGroup>
  <ItemGroup>
    <ClInclude Include="shader_s.h">
      <Filter>Header Files</Filter>
    </ClInclude>
  </ItemGroup>
</Project>